
Microsoft Visual Studio Solution File, Format Version 12.00
# Visual Studio 15
VisualStudioVersion = 15.0.28010.2036
MinimumVisualStudioVersion = 10.0.40219.1
Project("{8BC9CEB8-8B4A-11D0-8D11-00A0C91BC942}") = "chapter01", "primer\ch01.vcxproj", "{B6339A9A-CD00-44DA-9D7E-162E9D7452A1}"
EndProject
Project("{8BC9CEB8-8B4A-11D0-8D11-00A0C91BC942}") = "chapter02", "primer\chapter02.vcxproj", "{03171893-3FBB-4013-9DA0-F1C1B9ED8ABE}"
EndProject
Project("{8BC9CEB8-8B4A-11D0-8D11-00A0C91BC942}") = "chapter03", "primer\chapter03.vcxproj", "{4BF0791C-C631-472D-9EF2-6C15F17F26FB}"
EndProject
Project("{8BC9CEB8-8B4A-11D0-8D11-00A0C91BC942}") = "chapter04", "primer\chapter04.vcxproj", "{E1AC18A7-E56F-4A85-840F-107E7B572213}"
EndProject
Project("{8BC9CEB8-8B4A-11D0-8D11-00A0C91BC942}") = "chapter06", "primer\chapter06.vcxproj", "{9A65DACF-790E-49D4-8ED9-4274D62C888E}"
EndProject
Project("{8BC9CEB8-8B4A-11D0-8D11-00A0C91BC942}") = "chapter07", "primer\chapter07.vcxproj", "{9C7E8ACF-A7A0-4E5F-A7FB-8595FC1DA7A2}"
EndProject
Project("{8BC9CEB8-8B4A-11D0-8D11-00A0C91BC942}") = "chapter09", "primer\chapter09.vcxproj", "{B6ABA16E-57CF-4C05-AE49-7B2D0DDBF5B8}"
EndProject
Project("{8BC9CEB8-8B4A-11D0-8D11-00A0C91BC942}") = "chapter11", "primer\chapter11.vcxproj", "{30ACDF3C-1C82-4DFA-8AB2-7B1C5B7FCADA}"
EndProject
Global
	GlobalSection(SolutionConfigurationPlatforms) = preSolution
		Debug|x64 = Debug|x64
		Debug|x86 = Debug|x86
		Release|x64 = Release|x64
		Release|x86 = Release|x86
	EndGlobalSection
	GlobalSection(ProjectConfigurationPlatforms) = postSolution
		{B6339A9A-CD00-44DA-9D7E-162E9D7452A1}.Debug|x64.ActiveCfg = Debug|x64
		{B6339A9A-CD00-44DA-9D7E-162E9D7452A1}.Debug|x64.Build.0 = Debug|x64
		{B6339A9A-CD00-44DA-9D7E-162E9D7452A1}.Debug|x86.ActiveCfg = Debug|Win32
		{B6339A9A-CD00-44DA-9D7E-162E9D7452A1}.Debug|x86.Build.0 = Debug|Win32
		{B6339A9A-CD00-44DA-9D7E-162E9D7452A1}.Release|x64.ActiveCfg = Release|x64
		{B6339A9A-CD00-44DA-9D7E-162E9D7452A1}.Release|x64.Build.0 = Release|x64
		{B6339A9A-CD00-44DA-9D7E-162E9D7452A1}.Release|x86.ActiveCfg = Release|Win32
		{B6339A9A-CD00-44DA-9D7E-162E9D7452A1}.Release|x86.Build.0 = Release|Win32
		{03171893-3FBB-4013-9DA0-F1C1B9ED8ABE}.Debug|x64.ActiveCfg = Debug|x64
		{03171893-3FBB-4013-9DA0-F1C1B9ED8ABE}.Debug|x64.Build.0 = Debug|x64
		{03171893-3FBB-4013-9DA0-F1C1B9ED8ABE}.Debug|x86.ActiveCfg = Debug|Win32
		{03171893-3FBB-4013-9DA0-F1C1B9ED8ABE}.Debug|x86.Build.0 = Debug|Win32
		{03171893-3FBB-4013-9DA0-F1C1B9ED8ABE}.Release|x64.ActiveCfg = Release|x64
		{03171893-3FBB-4013-9DA0-F1C1B9ED8ABE}.Release|x64.Build.0 = Release|x64
		{03171893-3FBB-4013-9DA0-F1C1B9ED8ABE}.Release|x86.ActiveCfg = Release|Win32
		{03171893-3FBB-4013-9DA0-F1C1B9ED8ABE}.Release|x86.Build.0 = Release|Win32
		{4BF0791C-C631-472D-9EF2-6C15F17F26FB}.Debug|x64.ActiveCfg = Debug|x64
		{4BF0791C-C631-472D-9EF2-6C15F17F26FB}.Debug|x64.Build.0 = Debug|x64
		{4BF0791C-C631-472D-9EF2-6C15F17F26FB}.Debug|x86.ActiveCfg = Debug|Win32
		{4BF0791C-C631-472D-9EF2-6C15F17F26FB}.Debug|x86.Build.0 = Debug|Win32
		{4BF0791C-C631-472D-9EF2-6C15F17F26FB}.Release|x64.ActiveCfg = Release|x64
		{4BF0791C-C631-472D-9EF2-6C15F17F26FB}.Release|x64.Build.0 = Release|x64
		{4BF0791C-C631-472D-9EF2-6C15F17F26FB}.Release|x86.ActiveCfg = Release|Win32
		{4BF0791C-C631-472D-9EF2-6C15F17F26FB}.Release|x86.Build.0 = Release|Win32
		{E1AC18A7-E56F-4A85-840F-107E7B572213}.Debug|x64.ActiveCfg = Debug|x64
		{E1AC18A7-E56F-4A85-840F-107E7B572213}.Debug|x64.Build.0 = Debug|x64
		{E1AC18A7-E56F-4A85-840F-107E7B572213}.Debug|x86.ActiveCfg = Debug|Win32
		{E1AC18A7-E56F-4A85-840F-107E7B572213}.Debug|x86.Build.0 = Debug|Win32
		{E1AC18A7-E56F-4A85-840F-107E7B572213}.Release|x64.ActiveCfg = Release|x64
		{E1AC18A7-E56F-4A85-840F-107E7B572213}.Release|x64.Build.0 = Release|x64
		{E1AC18A7-E56F-4A85-840F-107E7B572213}.Release|x86.ActiveCfg = Release|Win32
		{E1AC18A7-E56F-4A85-840F-107E7B572213}.Release|x86.Build.0 = Release|Win32
		{9A65DACF-790E-49D4-8ED9-4274D62C888E}.Debug|x64.ActiveCfg = Debug|x64
		{9A65DACF-790E-49D4-8ED9-4274D62C888E}.Debug|x64.Build.0 = Debug|x64
		{9A65DACF-790E-49D4-8ED9-4274D62C888E}.Debug|x86.ActiveCfg = Debug|Win32
		{9A65DACF-790E-49D4-8ED9-4274D62C888E}.Debug|x86.Build.0 = Debug|Win32
		{9A65DACF-790E-49D4-8ED9-4274D62C888E}.Release|x64.ActiveCfg = Release|x64
		{9A65DACF-790E-49D4-8ED9-4274D62C888E}.Release|x64.Build.0 = Release|x64
		{9A65DACF-790E-49D4-8ED9-4274D62C888E}.Release|x86.ActiveCfg = Release|Win32
		{9A65DACF-790E-49D4-8ED9-4274D62C888E}.Release|x86.Build.0 = Release|Win32
		{9C7E8ACF-A7A0-4E5F-A7FB-8595FC1DA7A2}.Debug|x64.ActiveCfg = Debug|x64
		{9C7E8ACF-A7A0-4E5F-A7FB-8595FC1DA7A2}.Debug|x64.Build.0 = Debug|x64
		{9C7E8ACF-A7A0-4E5F-A7FB-8595FC1DA7A2}.Debug|x86.ActiveCfg = Debug|Win32
		{9C7E8ACF-A7A0-4E5F-A7FB-8595FC1DA7A2}.Debug|x86.Build.0 = Debug|Win32
		{9C7E8ACF-A7A0-4E5F-A7FB-8595FC1DA7A2}.Release|x64.ActiveCfg = Release|x64
		{9C7E8ACF-A7A0-4E5F-A7FB-8595FC1DA7A2}.Release|x64.Build.0 = Release|x64
		{9C7E8ACF-A7A0-4E5F-A7FB-8595FC1DA7A2}.Release|x86.ActiveCfg = Release|Win32
		{9C7E8ACF-A7A0-4E5F-A7FB-8595FC1DA7A2}.Release|x86.Build.0 = Release|Win32
		{B6ABA16E-57CF-4C05-AE49-7B2D0DDBF5B8}.Debug|x64.ActiveCfg = Debug|x64
		{B6ABA16E-57CF-4C05-AE49-7B2D0DDBF5B8}.Debug|x64.Build.0 = Debug|x64
		{B6ABA16E-57CF-4C05-AE49-7B2D0DDBF5B8}.Debug|x86.ActiveCfg = Debug|Win32
		{B6ABA16E-57CF-4C05-AE49-7B2D0DDBF5B8}.Debug|x86.Build.0 = Debug|Win32
		{B6ABA16E-57CF-4C05-AE49-7B2D0DDBF5B8}.Release|x64.ActiveCfg = Release|x64
		{B6ABA16E-57CF-4C05-AE49-7B2D0DDBF5B8}.Release|x64.Build.0 = Release|x64
		{B6ABA16E-57CF-4C05-AE49-7B2D0DDBF5B8}.Release|x86.ActiveCfg = Release|Win32
		{B6ABA16E-57CF-4C05-AE49-7B2D0DDBF5B8}.Release|x86.Build.0 = Release|Win32
		{30ACDF3C-1C82-4DFA-8AB2-7B1C5B7FCADA}.Debug|x64.ActiveCfg = Debug|x64
		{30ACDF3C-1C82-4DFA-8AB2-7B1C5B7FCADA}.Debug|x64.Build.0 = Debug|x64
		{30ACDF3C-1C82-4DFA-8AB2-7B1C5B7FCADA}.Debug|x86.ActiveCfg = Debug|Win32
		{30ACDF3C-1C82-4DFA-8AB2-7B1C5B7FCADA}.Debug|x86.Build.0 = Debug|Win32
		{30ACDF3C-1C82-4DFA-8AB2-7B1C5B7FCADA}.Release|x64.ActiveCfg = Release|x64
		{30ACDF3C-1C82-4DFA-8AB2-7B1C5B7FCADA}.Release|x64.Build.0 = Release|x64
		{30ACDF3C-1C82-4DFA-8AB2-7B1C5B7FCADA}.Release|x86.ActiveCfg = Release|Win32
		{30ACDF3C-1C82-4DFA-8AB2-7B1C5B7FCADA}.Release|x86.Build.0 = Release|Win32
	EndGlobalSection
	GlobalSection(SolutionProperties) = preSolution
		HideSolutionNode = FALSE
	EndGlobalSection
	GlobalSection(ExtensibilityGlobals) = postSolution
		SolutionGuid = {197286D3-1AA9-4B66-B27A-636935A5EA76}
	EndGlobalSection
EndGlobal
